
Microsoft Visual Studio Solution File, Format Version 12.00
# Visual Studio 15
VisualStudioVersion = 15.0.27004.2009
MinimumVisualStudioVersion = 10.0.40219.1
Project("{FAE04EC0-301F-11D3-BF4B-00C04F79EFBC}") = "MvcPrueba", "MvcPrueba\MvcPrueba.csproj", "{D1A7B0E7-F83A-4DFE-B209-30D5D34A2DA4}"
EndProject
Project("{FAE04EC0-301F-11D3-BF4B-00C04F79EFBC}") = "MvcPrueba.Tests", "MvcPrueba.Tests\MvcPrueba.Tests.csproj", "{A7D91993-E1FD-4333-A6DB-6310B6CD90C0}"
EndProject
Global
	GlobalSection(SolutionConfigurationPlatforms) = preSolution
		Debug|Any CPU = Debug|Any CPU
		Release|Any CPU = Release|Any CPU
	EndGlobalSection
	GlobalSection(ProjectConfigurationPlatforms) = postSolution
		{D1A7B0E7-F83A-4DFE-B209-30D5D34A2DA4}.Debug|Any CPU.ActiveCfg = Debug|Any CPU
		{D1A7B0E7-F83A-4DFE-B209-30D5D34A2DA4}.Debug|Any CPU.Build.0 = Debug|Any CPU
		{D1A7B0E7-F83A-4DFE-B209-30D5D34A2DA4}.Release|Any CPU.ActiveCfg = Release|Any CPU
		{D1A7B0E7-F83A-4DFE-B209-30D5D34A2DA4}.Release|Any CPU.Build.0 = Release|Any CPU
		{A7D91993-E1FD-4333-A6DB-6310B6CD90C0}.Debug|Any CPU.ActiveCfg = Debug|Any CPU
		{A7D91993-E1FD-4333-A6DB-6310B6CD90C0}.Debug|Any CPU.Build.0 = Debug|Any CPU
		{A7D91993-E1FD-4333-A6DB-6310B6CD90C0}.Release|Any CPU.ActiveCfg = Release|Any CPU
		{A7D91993-E1FD-4333-A6DB-6310B6CD90C0}.Release|Any CPU.Build.0 = Release|Any CPU
	EndGlobalSection
	GlobalSection(SolutionProperties) = preSolution
		HideSolutionNode = FALSE
	EndGlobalSection
	GlobalSection(ExtensibilityGlobals) = postSolution
		SolutionGuid = {3FDD9534-9891-4925-917C-7CCC2EC3A541}
	EndGlobalSection
EndGlobal
